
Microsoft Visual Studio Solution File, Format Version 12.00
# Visual Studio Version 17
VisualStudioVersion = 17.9.34616.47
MinimumVisualStudioVersion = 10.0.40219.1
Project("{9A19103F-16F7-4668-BE54-9A1E7A4F7556}") = "Contacts.Api", "Contact.Api\Contacts.Api.csproj", "{B73787B6-9D48-4F60-9C65-C58CAFF19337}"
EndProject
Project("{9A19103F-16F7-4668-BE54-9A1E7A4F7556}") = "Contacts.Domain", "Contact.Domain\Contacts.Domain.csproj", "{38517647-0CDD-466B-976D-70AB03C76F84}"
EndProject
Project("{9A19103F-16F7-4668-BE54-9A1E7A4F7556}") = "Contacts.Infrastructure", "Contact.Infrastructure\Contacts.Infrastructure.csproj", "{DFEB27CB-F0D7-46E1-A4E1-53EE41A2F08B}"
EndProject
Project("{9A19103F-16F7-4668-BE54-9A1E7A4F7556}") = "Contacts.Application", "Contact.Application\Contacts.Application.csproj", "{B1F0DB28-D905-47B1-87B8-DCEE0F591C6A}"
EndProject
Project("{9A19103F-16F7-4668-BE54-9A1E7A4F7556}") = "Contacts.Test", "Contact.Test\Contacts.Test.csproj", "{45857412-ABEE-4076-A97D-1283816320F6}"
EndProject
Global
	GlobalSection(SolutionConfigurationPlatforms) = preSolution
		Debug|Any CPU = Debug|Any CPU
		Release|Any CPU = Release|Any CPU
	EndGlobalSection
	GlobalSection(ProjectConfigurationPlatforms) = postSolution
		{B73787B6-9D48-4F60-9C65-C58CAFF19337}.Debug|Any CPU.ActiveCfg = Debug|Any CPU
		{B73787B6-9D48-4F60-9C65-C58CAFF19337}.Debug|Any CPU.Build.0 = Debug|Any CPU
		{B73787B6-9D48-4F60-9C65-C58CAFF19337}.Release|Any CPU.ActiveCfg = Release|Any CPU
		{B73787B6-9D48-4F60-9C65-C58CAFF19337}.Release|Any CPU.Build.0 = Release|Any CPU
		{38517647-0CDD-466B-976D-70AB03C76F84}.Debug|Any CPU.ActiveCfg = Debug|Any CPU
		{38517647-0CDD-466B-976D-70AB03C76F84}.Debug|Any CPU.Build.0 = Debug|Any CPU
		{38517647-0CDD-466B-976D-70AB03C76F84}.Release|Any CPU.ActiveCfg = Release|Any CPU
		{38517647-0CDD-466B-976D-70AB03C76F84}.Release|Any CPU.Build.0 = Release|Any CPU
		{DFEB27CB-F0D7-46E1-A4E1-53EE41A2F08B}.Debug|Any CPU.ActiveCfg = Debug|Any CPU
		{DFEB27CB-F0D7-46E1-A4E1-53EE41A2F08B}.Debug|Any CPU.Build.0 = Debug|Any CPU
		{DFEB27CB-F0D7-46E1-A4E1-53EE41A2F08B}.Release|Any CPU.ActiveCfg = Release|Any CPU
		{DFEB27CB-F0D7-46E1-A4E1-53EE41A2F08B}.Release|Any CPU.Build.0 = Release|Any CPU
		{B1F0DB28-D905-47B1-87B8-DCEE0F591C6A}.Debug|Any CPU.ActiveCfg = Debug|Any CPU
		{B1F0DB28-D905-47B1-87B8-DCEE0F591C6A}.Debug|Any CPU.Build.0 = Debug|Any CPU
		{B1F0DB28-D905-47B1-87B8-DCEE0F591C6A}.Release|Any CPU.ActiveCfg = Release|Any CPU
		{B1F0DB28-D905-47B1-87B8-DCEE0F591C6A}.Release|Any CPU.Build.0 = Release|Any CPU
		{45857412-ABEE-4076-A97D-1283816320F6}.Debug|Any CPU.ActiveCfg = Debug|Any CPU
		{45857412-ABEE-4076-A97D-1283816320F6}.Debug|Any CPU.Build.0 = Debug|Any CPU
		{45857412-ABEE-4076-A97D-1283816320F6}.Release|Any CPU.ActiveCfg = Release|Any CPU
		{45857412-ABEE-4076-A97D-1283816320F6}.Release|Any CPU.Build.0 = Release|Any CPU
	EndGlobalSection
	GlobalSection(SolutionProperties) = preSolution
		HideSolutionNode = FALSE
	EndGlobalSection
	GlobalSection(ExtensibilityGlobals) = postSolution
		SolutionGuid = {10D05EA6-5962-4DC1-B256-59BBA31F1240}
	EndGlobalSection
EndGlobal
